Rahasia tidak boleh disimpan dalam file `package-lock.json` atau file lain yang di-commit ke repositori. Untuk mengatasi ini:

1.  **Identifikasi dan Hapus Rahasia:** Secara manual edit `package-lock.json` untuk menghapus string rahasia tersebut. Rahasia ini mungkin muncul sebagai bagian dari URL registri pribadi atau konfigurasi paket (misalnya, `"resolved": "https://private-registry.com/npm/mypackage/-/mypackage-1.0.0.tgz?token=YOUR_SECRET_TOKEN"`). Ubah menjadi URL tanpa token.
2.  **Konfigurasi Ulang Penggunaan Rahasia:** Jika rahasia digunakan oleh paket, pastikan paket tersebut mengambilnya dari variabel lingkungan (misalnya, `process.env.MY_SECRET_KEY`) atau sistem manajemen rahasia yang aman.
3.  **Tambahkan `.env` ke `.gitignore`:** Pastikan file `.env` (jika digunakan untuk menyimpan rahasia) tidak di-commit ke repositori. Tambahkan baris berikut ke file `.gitignore` Anda:
    
    .env
    .env.local
    .env.development.local
    .env.test.local
    .env.production.local
    
4.  **Regenerasi `package-lock.json` (Opsional):** Setelah membersihkan rahasia, Anda dapat menghapus `node_modules` dan `package-lock.json`, lalu jalankan `npm install` untuk meregenerasi file `package-lock.json` yang bersih. Pastikan rahasia tidak muncul kembali.